// !$*UTF8*$!
{
	archiveVersion = 1;
	classes = {
	};
	objectVersion = 55;
	objects = {

/* Begin PBXBuildFile section */
		3649FB9A27EC336D00204C4B /* states.json in Resources */ = {isa = PBXBuildFile; fileRef = 3649FB9927EC336D00204C4B /* states.json */; };
		36D024E427EAAA630009E67C /* AppDelegate.swift in Sources */ = {isa = PBXBuildFile; fileRef = 36D024E327EAAA630009E67C /* AppDelegate.swift */; };
		36D024E627EAAA630009E67C /* SceneDelegate.swift in Sources */ = {isa = PBXBuildFile; fileRef = 36D024E527EAAA630009E67C /* SceneDelegate.swift */; };
		36D024EB27EAAA630009E67C /* Main.storyboard in Resources */ = {isa = PBXBuildFile; fileRef = 36D024E927EAAA630009E67C /* Main.storyboard */; };
		36D024ED27EAAA650009E67C /* Assets.xcassets in Resources */ = {isa = PBXBuildFile; fileRef = 36D024EC27EAAA650009E67C /* Assets.xcassets */; };
		36D024F027EAAA650009E67C /* LaunchScreen.storyboard in Resources */ = {isa = PBXBuildFile; fileRef = 36D024EE27EAAA650009E67C /* LaunchScreen.storyboard */; };
		36F5418B27EC2B7F00C389EC /* State.swift in Sources */ = {isa = PBXBuildFile; fileRef = 36F5418A27EC2B7F00C389EC /* State.swift */; };
		36F5418D27EC2B9E00C389EC /* ColorTheme.swift in Sources */ = {isa = PBXBuildFile; fileRef = 36F5418C27EC2B9E00C389EC /* ColorTheme.swift */; };
		36F5418F27EC2BC500C389EC /* DetailViewController.swift in Sources */ = {isa = PBXBuildFile; fileRef = 36F5418E27EC2BC500C389EC /* DetailViewController.swift */; };
		36F5419127EC2BE900C389EC /* MasterViewController.swift in Sources */ = {isa = PBXBuildFile; fileRef = 36F5419027EC2BE900C389EC /* MasterViewController.swift */; };
/* End PBXBuildFile section */

/* Begin PBXFileReference section */
		3649FB9927EC336D00204C4B /* states.json */ = {isa = PBXFileReference; fileEncoding = 4; lastKnownFileType = text.json; name = states.json; path = ../../states.json; sourceTree = "<group>"; };
		36D024E027EAAA630009E67C /* Ind03_Goertemiller_Nicholas.app */ = {isa = PBXFileReference; explicitFileType = wrapper.application; includeInIndex = 0; path = Ind03_Goertemiller_Nicholas.app; sourceTree = BUILT_PRODUCTS_DIR; };
		36D024E327EAAA630009E67C /* AppDelegate.swift */ = {isa = PBXFileReference; lastKnownFileType = sourcecode.swift; path = AppDelegate.swift; sourceTree = "<group>"; };
		36D024E527EAAA630009E67C /* SceneDelegate.swift */ = {isa = PBXFileReference; lastKnownFileType = sourcecode.swift; path = SceneDelegate.swift; sourceTree = "<group>"; };
		36D024EA27EAAA630009E67C /* Base */ = {isa = PBXFileReference; lastKnownFileType = file.storyboard; name = Base; path = Base.lproj/Main.storyboard; sourceTree = "<group>"; };
		36D024EC27EAAA650009E67C /* Assets.xcassets */ = {isa = PBXFileReference; lastKnownFileType = folder.assetcatalog; path = Assets.xcassets; sourceTree = "<group>"; };
		36D024EF27EAAA650009E67C /* Base */ = {isa = PBXFileReference; lastKnownFileType = file.storyboard; name = Base; path = Base.lproj/LaunchScreen.storyboard; sourceTree = "<group>"; };
		36D024F127EAAA650009E67C /* Info.plist */ = {isa = PBXFileReference; lastKnownFileType = text.plist.xml; path = Info.plist; sourceTree = "<group>"; };
		36F5418A27EC2B7F00C389EC /* State.swift */ = {isa = PBXFileReference; lastKnownFileType = sourcecode.swift; path = State.swift; sourceTree = "<group>"; };
		36F5418C27EC2B9E00C389EC /* ColorTheme.swift */ = {isa = PBXFileReference; lastKnownFileType = sourcecode.swift; path = ColorTheme.swift; sourceTree = "<group>"; };
		36F5418E27EC2BC500C389EC /* DetailViewController.swift */ = {isa = PBXFileReference; lastKnownFileType = sourcecode.swift; path = DetailViewController.swift; sourceTree = "<group>"; };
		36F5419027EC2BE900C389EC /* MasterViewController.swift */ = {isa = PBXFileReference; lastKnownFileType = sourcecode.swift; path = MasterViewController.swift; sourceTree = "<group>"; };
/* End PBXFileReference section */

/* Begin PBXFrameworksBuildPhase section */
		36D024DD27EAAA630009E67C /* Frameworks */ = {
			isa = PBXFrameworksBuildPhase;
			buildActionMask = 2147483647;
			files = (
			);
			runOnlyForDeploymentPostprocessing = 0;
		};
/* End PBXFrameworksBuildPhase section */

/* Begin PBXGroup section */
		36D024D727EAAA630009E67C = {
			isa = PBXGroup;
			children = (
				36D024E227EAAA630009E67C /* Ind03_Goertemiller_Nicholas */,
				36D024E127EAAA630009E67C /* Products */,
			);
			sourceTree = "<group>";
		};
		36D024E127EAAA630009E67C /* Products */ = {
			isa = PBXGroup;
			children = (
				36D024E027EAAA630009E67C /* Ind03_Goertemiller_Nicholas.app */,
			);
			name = Products;
			sourceTree = "<group>";
		};
		36D024E227EAAA630009E67C /* Ind03_Goertemiller_Nicholas */ = {
			isa = PBXGroup;
			children = (
				36D024E327EAAA630009E67C /* AppDelegate.swift */,
				36D024E527EAAA630009E67C /* SceneDelegate.swift */,
				36D024E927EAAA630009E67C /* Main.storyboard */,
				36F5418A27EC2B7F00C389EC /* State.swift */,
				36F5418C27EC2B9E00C389EC /* ColorTheme.swift */,
				36F5418E27EC2BC500C389EC /* DetailViewController.swift */,
				36F5419027EC2BE900C389EC /* MasterViewController.swift */,
				36D024EC27EAAA650009E67C /* Assets.xcassets */,
				36D024EE27EAAA650009E67C /* LaunchScreen.storyboard */,
				36D024F127EAAA650009E67C /* Info.plist */,
				3649FB9927EC336D00204C4B /* states.json */,
			);
			path = Ind03_Goertemiller_Nicholas;
			sourceTree = "<group>";
		};
/* End PBXGroup section */

/* Begin PBXNativeTarget section */
		36D024DF27EAAA630009E67C /* Ind03_Goertemiller_Nicholas */ = {
			isa = PBXNativeTarget;
			buildConfigurationList = 36D024F427EAAA650009E67C /* Build configuration list for PBXNativeTarget "Ind03_Goertemiller_Nicholas" */;
			buildPhases = (
				36D024DC27EAAA630009E67C /* Sources */,
				36D024DD27EAAA630009E67C /* Frameworks */,
				36D024DE27EAAA630009E67C /* Resources */,
			);
			buildRules = (
			);
			dependencies = (
			);
			name = Ind03_Goertemiller_Nicholas;
			productName = Ind03_Goertemiller_Nicholas;
			productReference = 36D024E027EAAA630009E67C /* Ind03_Goertemiller_Nicholas.app */;
			productType = "com.apple.product-type.application";
		};
/* End PBXNativeTarget section */

/* Begin PBXProject section */
		36D024D827EAAA630009E67C /* Project object */ = {
			isa = PBXProject;
			attributes = {
				BuildIndependentTargetsInParallel = 1;
				LastSwiftUpdateCheck = 1320;
				LastUpgradeCheck = 1320;
				TargetAttributes = {
					36D024DF27EAAA630009E67C = {
						CreatedOnToolsVersion = 13.2.1;
					};
				};
			};
			buildConfigurationList = 36D024DB27EAAA630009E67C /* Build configuration list for PBXProject "Ind03_Goertemiller_Nicholas" */;
			compatibilityVersion = "Xcode 13.0";
			developmentRegion = en;
			hasScannedForEncodings = 0;
			knownRegions = (
				en,
				Base,
			);
			mainGroup = 36D024D727EAAA630009E67C;
			productRefGroup = 36D024E127EAAA630009E67C /* Products */;
			projectDirPath = "";
			projectRoot = "";
			targets = (
				36D024DF27EAAA630009E67C /* Ind03_Goertemiller_Nicholas */,
			);
		};
/* End PBXProject section */

/* Begin PBXResourcesBuildPhase section */
		36D024DE27EAAA630009E67C /* Resources */ = {
			isa = PBXResourcesBuildPhase;
			buildActionMask = 2147483647;
			files = (
				3649FB9A27EC336D00204C4B /* states.json in Resources */,
				36D024F027EAAA650009E67C /* LaunchScreen.storyboard in Resources */,
				36D024ED27EAAA650009E67C /* Assets.xcassets in Resources */,
				36D024EB27EAAA630009E67C /* Main.storyboard in Resources */,
			);
			runOnlyForDeploymentPostprocessing = 0;
		};
/* End PBXResourcesBuildPhase section */

/* Begin PBXSourcesBuildPhase section */
		36D024DC27EAAA630009E67C /* Sources */ = {
			isa = PBXSourcesBuildPhase;
			buildActionMask = 2147483647;
			files = (
				36F5419127EC2BE900C389EC /* MasterViewController.swift in Sources */,
				36D024E427EAAA630009E67C /* AppDelegate.swift in Sources */,
				36D024E627EAAA630009E67C /* SceneDelegate.swift in Sources */,
				36F5418D27EC2B9E00C389EC /* ColorTheme.swift in Sources */,
				36F5418B27EC2B7F00C389EC /* State.swift in Sources */,
				36F5418F27EC2BC500C389EC /* DetailViewController.swift in Sources */,
			);
			runOnlyForDeploymentPostprocessing = 0;
		};
/* End PBXSourcesBuildPhase section */

/* Begin PBXVariantGroup section */
		36D024E927EAAA630009E67C /* Main.storyboard */ = {
			isa = PBXVariantGroup;
			children = (
				36D024EA27EAAA630009E67C /* Base */,
			);
			name = Main.storyboard;
			sourceTree = "<group>";
		};
		36D024EE27EAAA650009E67C /* LaunchScreen.storyboard */ = {
			isa = PBXVariantGroup;
			children = (
				36D024EF27EAAA650009E67C /* Base */,
			);
			name = LaunchScreen.storyboard;
			sourceTree = "<group>";
		};
/* End PBXVariantGroup section */

/* Begin XCBuildConfiguration section */
		36D024F227EAAA650009E67C /* Debug */ = {
			isa = XCBuildConfiguration;
			buildSettings = {
				ALWAYS_SEARCH_USER_PATHS = NO;
				CLANG_ANALYZER_NONNULL = YES;
				CLANG_ANALYZER_NUMBER_OBJECT_CONVERSION = YES_AGGRESSIVE;
				CLANG_CXX_LANGUAGE_STANDARD = "gnu++17";
				CLANG_CXX_LIBRARY = "libc++";
				CLANG_ENABLE_MODULES = YES;
				CLANG_ENABLE_OBJC_ARC = YES;
				CLANG_ENABLE_OBJC_WEAK = YES;
				CLANG_WARN_BLOCK_CAPTURE_AUTORELEASING = YES;
				CLANG_WARN_BOOL_CONVERSION = YES;
				CLANG_WARN_COMMA = YES;
				CLANG_WARN_CONSTANT_CONVERSION = YES;
				CLANG_WARN_DEPRECATED_OBJC_IMPLEMENTATIONS = YES;
				CLANG_WARN_DIRECT_OBJC_ISA_USAGE = YES_ERROR;
				CLANG_WARN_DOCUMENTATION_COMMENTS = YES;
				CLANG_WARN_EMPTY_BODY = YES;
				CLANG_WARN_ENUM_CONVERSION = YES;
				CLANG_WARN_INFINITE_RECURSION = YES;
				CLANG_WARN_INT_CONVERSION = YES;
				CLANG_WARN_NON_LITERAL_NULL_CONVERSION = YES;
				CLANG_WARN_OBJC_IMPLICIT_RETAIN_SELF = YES;
				CLANG_WARN_OBJC_LITERAL_CONVERSION = YES;
				CLANG_WARN_OBJC_ROOT_CLASS = YES_ERROR;
				CLANG_WARN_QUOTED_INCLUDE_IN_FRAMEWORK_HEADER = YES;
				CLANG_WARN_RANGE_LOOP_ANALYSIS = YES;
				CLANG_WARN_STRICT_PROTOTYPES = YES;
				CLANG_WARN_SUSPICIOUS_MOVE = YES;
				CLANG_WARN_UNGUARDED_AVAILABILITY = YES_AGGRESSIVE;
				CLANG_WARN_UNREACHABLE_CODE = YES;
				CLANG_WARN__DUPLICATE_METHOD_MATCH = YES;
				COPY_PHASE_STRIP = NO;
				DEBUG_INFORMATION_FORMAT = dwarf;
				ENABLE_STRICT_OBJC_MSGSEND = YES;
				ENABLE_TESTABILITY = YES;
				GCC_C_LANGUAGE_STANDARD = gnu11;
				GCC_DYNAMIC_NO_PIC = NO;
				GCC_NO_COMMON_BLOCKS = YES;
				GCC_OPTIMIZATION_LEVEL = 0;
				GCC_PREPROCESSOR_DEFINITIONS = (
					"DEBUG=1",
					"$(inherited)",
				);
				GCC_WARN_64_TO_32_BIT_CONVERSION = YES;
				GCC_WARN_ABOUT_RETURN_TYPE = YES_ERROR;
				GCC_WARN_UNDECLARED_SELECTOR = YES;
				GCC_WARN_UNINITIALIZED_AUTOS = YES_AGGRESSIVE;
				GCC_WARN_UNUSED_FUNCTION = YES;
				GCC_WARN_UNUSED_VARIABLE = YES;
				IPHONEOS_DEPLOYMENT_TARGET = 15.2;
				MTL_ENABLE_DEBUG_INFO = INCLUDE_SOURCE;
				MTL_FAST_MATH = YES;
				ONLY_ACTIVE_ARCH = YES;
				SDKROOT = iphoneos;
				SWIFT_ACTIVE_COMPILATION_CONDITIONS = DEBUG;
				SWIFT_OPTIMIZATION_LEVEL = "-Onone";
			};
			name = Debug;
		};
		36D024F327EAAA650009E67C /* Release */ = {
			isa = XCBuildConfiguration;
			buildSettings = {
				ALWAYS_SEARCH_USER_PATHS = NO;
				CLANG_ANALYZER_NONNULL = YES;
				CLANG_ANALYZER_NUMBER_OBJECT_CONVERSION = YES_AGGRESSIVE;
				CLANG_CXX_LANGUAGE_STANDARD = "gnu++17";
				CLANG_CXX_LIBRARY = "libc++";
				CLANG_ENABLE_MODULES = YES;
				CLANG_ENABLE_OBJC_ARC = YES;
				CLANG_ENABLE_OBJC_WEAK = YES;
				CLANG_WARN_BLOCK_CAPTURE_AUTORELEASING = YES;
				CLANG_WARN_BOOL_CONVERSION = YES;
				CLANG_WARN_COMMA = YES;
				CLANG_WARN_CONSTANT_CONVERSION = YES;
				CLANG_WARN_DEPRECATED_OBJC_IMPLEMENTATIONS = YES;
				CLANG_WARN_DIRECT_OBJC_ISA_USAGE = YES_ERROR;
				CLANG_WARN_DOCUMENTATION_COMMENTS = YES;
				CLANG_WARN_EMPTY_BODY = YES;
				CLANG_WARN_ENUM_CONVERSION = YES;
				CLANG_WARN_INFINITE_RECURSION = YES;
				CLANG_WARN_INT_CONVERSION = YES;
				CLANG_WARN_NON_LITERAL_NULL_CONVERSION = YES;
				CLANG_WARN_OBJC_IMPLICIT_RETAIN_SELF = YES;
				CLANG_WARN_OBJC_LITERAL_CONVERSION = YES;
				CLANG_WARN_OBJC_ROOT_CLASS = YES_ERROR;
				CLANG_WARN_QUOTED_INCLUDE_IN_FRAMEWORK_HEADER = YES;
				CLANG_WARN_RANGE_LOOP_ANALYSIS = YES;
				CLANG_WARN_STRICT_PROTOTYPES = YES;
				CLANG_WARN_SUSPICIOUS_MOVE = YES;
				CLANG_WARN_UNGUARDED_AVAILABILITY = YES_AGGRESSIVE;
				CLANG_WARN_UNREACHABLE_CODE = YES;
				CLANG_WARN__DUPLICATE_METHOD_MATCH = YES;
				COPY_PHASE_STRIP = NO;
				DEBUG_INFORMATION_FORMAT = "dwarf-with-dsym";
				ENABLE_NS_ASSERTIONS = NO;
				ENABLE_STRICT_OBJC_MSGSEND = YES;
				GCC_C_LANGUAGE_STANDARD = gnu11;
				GCC_NO_COMMON_BLOCKS = YES;
				GCC_WARN_64_TO_32_BIT_CONVERSION = YES;
				GCC_WARN_ABOUT_RETURN_TYPE = YES_ERROR;
				GCC_WARN_UNDECLARED_SELECTOR = YES;
				GCC_WARN_UNINITIALIZED_AUTOS = YES_AGGRESSIVE;
				GCC_WARN_UNUSED_FUNCTION = YES;
				GCC_WARN_UNUSED_VARIABLE = YES;
				IPHONEOS_DEPLOYMENT_TARGET = 15.2;
				MTL_ENABLE_DEBUG_INFO = NO;
				MTL_FAST_MATH = YES;
				SDKROOT = iphoneos;
				SWIFT_COMPILATION_MODE = wholemodule;
				SWIFT_OPTIMIZATION_LEVEL = "-O";
				VALIDATE_PRODUCT = YES;
			};
			name = Release;
		};
		36D024F527EAAA650009E67C /* Debug */ = {
			isa = XCBuildConfiguration;
			buildSettings = {
				ASSETCATALOG_COMPILER_APPICON_NAME = AppIcon;
				ASSETCATALOG_COMPILER_GLOBAL_ACCENT_COLOR_NAME = AccentColor;
				CODE_SIGN_STYLE = Automatic;
				CURRENT_PROJECT_VERSION = 1;
				DEVELOPMENT_TEAM = WPF2472T59;
				GENERATE_INFOPLIST_FILE = YES;
				INFOPLIST_FILE = Ind03_Goertemiller_Nicholas/Info.plist;
				INFOPLIST_KEY_UIApplicationSupportsIndirectInputEvents = YES;
				INFOPLIST_KEY_UILaunchStoryboardName = LaunchScreen;
				INFOPLIST_KEY_UIMainStoryboardFile = Main;
				INFOPLIST_KEY_UISupportedInterfaceOrientations_iPad = "UIInterfaceOrientationPortrait UIInterfaceOrientationPortraitUpsideDown UIInterfaceOrientationLandscapeLeft UIInterfaceOrientationLandscapeRight";
				INFOPLIST_KEY_UISupportedInterfaceOrientations_iPhone = "UIInterfaceOrientationPortrait UIInterfaceOrientationLandscapeLeft UIInterfaceOrientationLandscapeRight";
				LD_RUNPATH_SEARCH_PATHS = (
					"$(inherited)",
					"@executable_path/Frameworks",
				);
				MARKETING_VERSION = 1.0;
				PRODUCT_BUNDLE_IDENTIFIER = "OSU.Ind03-Goertemiller-Nicholas";
				PRODUCT_NAME = "$(TARGET_NAME)";
				SWIFT_EMIT_LOC_STRINGS = YES;
				SWIFT_VERSION = 5.0;
				TARGETED_DEVICE_FAMILY = "1,2";
			};
			name = Debug;
		};
		36D024F627EAAA650009E67C /* Release */ = {
			isa = XCBuildConfiguration;
			buildSettings = {
				ASSETCATALOG_COMPILER_APPICON_NAME = AppIcon;
				ASSETCATALOG_COMPILER_GLOBAL_ACCENT_COLOR_NAME = AccentColor;
				CODE_SIGN_STYLE = Automatic;
				CURRENT_PROJECT_VERSION = 1;
				DEVELOPMENT_TEAM = WPF2472T59;
				GENERATE_INFOPLIST_FILE = YES;
				INFOPLIST_FILE = Ind03_Goertemiller_Nicholas/Info.plist;
				INFOPLIST_KEY_UIApplicationSupportsIndirectInputEvents = YES;
				INFOPLIST_KEY_UILaunchStoryboardName = LaunchScreen;
				INFOPLIST_KEY_UIMainStoryboardFile = Main;
				INFOPLIST_KEY_UISupportedInterfaceOrientations_iPad = "UIInterfaceOrientationPortrait UIInterfaceOrientationPortraitUpsideDown UIInterfaceOrientationLandscapeLeft UIInterfaceOrientationLandscapeRight";
				INFOPLIST_KEY_UISupportedInterfaceOrientations_iPhone = "UIInterfaceOrientationPortrait UIInterfaceOrientationLandscapeLeft UIInterfaceOrientationLandscapeRight";
				LD_RUNPATH_SEARCH_PATHS = (
					"$(inherited)",
					"@executable_path/Frameworks",
				);
				MARKETING_VERSION = 1.0;
				PRODUCT_BUNDLE_IDENTIFIER = "OSU.Ind03-Goertemiller-Nicholas";
				PRODUCT_NAME = "$(TARGET_NAME)";
				SWIFT_EMIT_LOC_STRINGS = YES;
				SWIFT_VERSION = 5.0;
				TARGETED_DEVICE_FAMILY = "1,2";
			};
			name = Release;
		};
/* End XCBuildConfiguration section */

/* Begin XCConfigurationList section */
		36D024DB27EAAA630009E67C /* Build configuration list for PBXProject "Ind03_Goertemiller_Nicholas" */ = {
			isa = XCConfigurationList;
			buildConfigurations = (
				36D024F227EAAA650009E67C /* Debug */,
				36D024F327EAAA650009E67C /* Release */,
			);
			defaultConfigurationIsVisible = 0;
			defaultConfigurationName = Release;
		};
		36D024F427EAAA650009E67C /* Build configuration list for PBXNativeTarget "Ind03_Goertemiller_Nicholas" */ = {
			isa = XCConfigurationList;
			buildConfigurations = (
				36D024F527EAAA650009E67C /* Debug */,
				36D024F627EAAA650009E67C /* Release */,
			);
			defaultConfigurationIsVisible = 0;
			defaultConfigurationName = Release;
		};
/* End XCConfigurationList section */
	};
	rootObject = 36D024D827EAAA630009E67C /* Project object */;
}
